
Microsoft Visual Studio Solution File, Format Version 12.00
# Visual Studio Version 17
VisualStudioVersion = 17.5.002.0
MinimumVisualStudioVersion = 10.0.40219.1
Project("{2150E333-8FDC-42A3-9474-1A3956D46DE8}") = "week01", "week01", "{FF5AA251-4BA6-4F7A-92A5-AED031EC16F7}"
EndProject
Project("{9A19103F-16F7-4668-BE54-9A1E7A4F7556}") = "code", "week01\code\code.csproj", "{8975745E-309B-47CB-AC81-E40E1E39A103}"
EndProject
Project("{9A19103F-16F7-4668-BE54-9A1E7A4F7556}") = "analyze", "week01\analyze\analyze.csproj", "{E7E01910-CD5A-472A-B7AC-19B002D9CBAE}"
EndProject
Project("{9A19103F-16F7-4668-BE54-9A1E7A4F7556}") = "teach", "week01\teach\teach.csproj", "{39D92DE2-2396-4191-8946-0275E6133B1F}"
EndProject
Project("{2150E333-8FDC-42A3-9474-1A3956D46DE8}") = "week06", "week06", "{789BF852-2F4C-4EF7-AFC7-D190A58EBF8C}"
EndProject
Project("{9A19103F-16F7-4668-BE54-9A1E7A4F7556}") = "code", "week06\code\code.csproj", "{F3401ABE-0F2E-4FDE-B0D0-98DA990364A0}"
EndProject
Project("{2150E333-8FDC-42A3-9474-1A3956D46DE8}") = "sandbox", "sandbox", "{14DE5B63-8CC3-499C-A34A-AF963DD6E4AA}"
EndProject
Project("{9A19103F-16F7-4668-BE54-9A1E7A4F7556}") = "sandbox_project", "sandbox\sandbox_project\sandbox_project.csproj", "{53F4ABBA-D8A8-4537-9D87-C8F6940D4C7C}"
EndProject
Project("{2150E333-8FDC-42A3-9474-1A3956D46DE8}") = "week05", "week05", "{19319F7B-BD37-47EE-B364-D05E825CD4FC}"
EndProject
Project("{9A19103F-16F7-4668-BE54-9A1E7A4F7556}") = "code", "week05\code\code.csproj", "{182784AA-31E2-4A27-B180-80F830A72C77}"
EndProject
Project("{2150E333-8FDC-42A3-9474-1A3956D46DE8}") = "week02", "week02", "{1A404BA0-4C51-4AB6-92BC-DF8C30263D91}"
EndProject
Project("{9A19103F-16F7-4668-BE54-9A1E7A4F7556}") = "learn", "week02\learn\learn.csproj", "{66D326C3-223B-4E10-8564-CA5D510880D8}"
EndProject
Project("{9A19103F-16F7-4668-BE54-9A1E7A4F7556}") = "code", "week02\code\code.csproj", "{204D36F0-C223-4ABE-ABCC-AD4F2D32107F}"
EndProject
Project("{9A19103F-16F7-4668-BE54-9A1E7A4F7556}") = "analyze", "week02\analyze\analyze.csproj", "{1B48D070-70B0-4ADD-B778-C70A2DEC50BF}"
EndProject
Project("{9A19103F-16F7-4668-BE54-9A1E7A4F7556}") = "teach", "week02\teach\teach.csproj", "{4881D6BA-AF0E-4742-90BB-B43A132AA456}"
EndProject
Project("{2150E333-8FDC-42A3-9474-1A3956D46DE8}") = "week03", "week03", "{1E6C5B48-445B-4DB9-B8C9-EB0C97D07D45}"
EndProject
Project("{9A19103F-16F7-4668-BE54-9A1E7A4F7556}") = "learn", "week03\learn\learn.csproj", "{696B1E12-F51A-4938-A808-B5ACD76C5E95}"
EndProject
Project("{9A19103F-16F7-4668-BE54-9A1E7A4F7556}") = "code", "week03\code\code.csproj", "{3B1FB2B6-0C0D-4E6E-8A11-5CDFBC3075A3}"
EndProject
Project("{9A19103F-16F7-4668-BE54-9A1E7A4F7556}") = "teach", "week03\teach\teach.csproj", "{37959259-54A5-4A20-B274-1D343B69D7F8}"
EndProject
Project("{2150E333-8FDC-42A3-9474-1A3956D46DE8}") = "week04", "week04", "{F8051B66-D0F1-4179-A0CC-C1749059778A}"
EndProject
Project("{9A19103F-16F7-4668-BE54-9A1E7A4F7556}") = "code", "week04\code\code.csproj", "{A99BB2A7-0F72-4CAC-8491-2F321BCF7222}"
EndProject
Global
	GlobalSection(SolutionConfigurationPlatforms) = preSolution
		Debug|Any CPU = Debug|Any CPU
		Release|Any CPU = Release|Any CPU
	EndGlobalSection
	GlobalSection(ProjectConfigurationPlatforms) = postSolution
		{8975745E-309B-47CB-AC81-E40E1E39A103}.Debug|Any CPU.ActiveCfg = Debug|Any CPU
		{8975745E-309B-47CB-AC81-E40E1E39A103}.Debug|Any CPU.Build.0 = Debug|Any CPU
		{8975745E-309B-47CB-AC81-E40E1E39A103}.Release|Any CPU.ActiveCfg = Release|Any CPU
		{8975745E-309B-47CB-AC81-E40E1E39A103}.Release|Any CPU.Build.0 = Release|Any CPU
		{E7E01910-CD5A-472A-B7AC-19B002D9CBAE}.Debug|Any CPU.ActiveCfg = Debug|Any CPU
		{E7E01910-CD5A-472A-B7AC-19B002D9CBAE}.Debug|Any CPU.Build.0 = Debug|Any CPU
		{E7E01910-CD5A-472A-B7AC-19B002D9CBAE}.Release|Any CPU.ActiveCfg = Release|Any CPU
		{E7E01910-CD5A-472A-B7AC-19B002D9CBAE}.Release|Any CPU.Build.0 = Release|Any CPU
		{39D92DE2-2396-4191-8946-0275E6133B1F}.Debug|Any CPU.ActiveCfg = Debug|Any CPU
		{39D92DE2-2396-4191-8946-0275E6133B1F}.Debug|Any CPU.Build.0 = Debug|Any CPU
		{39D92DE2-2396-4191-8946-0275E6133B1F}.Release|Any CPU.ActiveCfg = Release|Any CPU
		{39D92DE2-2396-4191-8946-0275E6133B1F}.Release|Any CPU.Build.0 = Release|Any CPU
		{F3401ABE-0F2E-4FDE-B0D0-98DA990364A0}.Debug|Any CPU.ActiveCfg = Debug|Any CPU
		{F3401ABE-0F2E-4FDE-B0D0-98DA990364A0}.Debug|Any CPU.Build.0 = Debug|Any CPU
		{F3401ABE-0F2E-4FDE-B0D0-98DA990364A0}.Release|Any CPU.ActiveCfg = Release|Any CPU
		{F3401ABE-0F2E-4FDE-B0D0-98DA990364A0}.Release|Any CPU.Build.0 = Release|Any CPU
		{53F4ABBA-D8A8-4537-9D87-C8F6940D4C7C}.Debug|Any CPU.ActiveCfg = Debug|Any CPU
		{53F4ABBA-D8A8-4537-9D87-C8F6940D4C7C}.Debug|Any CPU.Build.0 = Debug|Any CPU
		{53F4ABBA-D8A8-4537-9D87-C8F6940D4C7C}.Release|Any CPU.ActiveCfg = Release|Any CPU
		{53F4ABBA-D8A8-4537-9D87-C8F6940D4C7C}.Release|Any CPU.Build.0 = Release|Any CPU
		{182784AA-31E2-4A27-B180-80F830A72C77}.Debug|Any CPU.ActiveCfg = Debug|Any CPU
		{182784AA-31E2-4A27-B180-80F830A72C77}.Debug|Any CPU.Build.0 = Debug|Any CPU
		{182784AA-31E2-4A27-B180-80F830A72C77}.Release|Any CPU.ActiveCfg = Release|Any CPU
		{182784AA-31E2-4A27-B180-80F830A72C77}.Release|Any CPU.Build.0 = Release|Any CPU
		{66D326C3-223B-4E10-8564-CA5D510880D8}.Debug|Any CPU.ActiveCfg = Debug|Any CPU
		{66D326C3-223B-4E10-8564-CA5D510880D8}.Debug|Any CPU.Build.0 = Debug|Any CPU
		{66D326C3-223B-4E10-8564-CA5D510880D8}.Release|Any CPU.ActiveCfg = Release|Any CPU
		{66D326C3-223B-4E10-8564-CA5D510880D8}.Release|Any CPU.Build.0 = Release|Any CPU
		{204D36F0-C223-4ABE-ABCC-AD4F2D32107F}.Debug|Any CPU.ActiveCfg = Debug|Any CPU
		{204D36F0-C223-4ABE-ABCC-AD4F2D32107F}.Debug|Any CPU.Build.0 = Debug|Any CPU
		{204D36F0-C223-4ABE-ABCC-AD4F2D32107F}.Release|Any CPU.ActiveCfg = Release|Any CPU
		{204D36F0-C223-4ABE-ABCC-AD4F2D32107F}.Release|Any CPU.Build.0 = Release|Any CPU
		{1B48D070-70B0-4ADD-B778-C70A2DEC50BF}.Debug|Any CPU.ActiveCfg = Debug|Any CPU
		{1B48D070-70B0-4ADD-B778-C70A2DEC50BF}.Debug|Any CPU.Build.0 = Debug|Any CPU
		{1B48D070-70B0-4ADD-B778-C70A2DEC50BF}.Release|Any CPU.ActiveCfg = Release|Any CPU
		{1B48D070-70B0-4ADD-B778-C70A2DEC50BF}.Release|Any CPU.Build.0 = Release|Any CPU
		{4881D6BA-AF0E-4742-90BB-B43A132AA456}.Debug|Any CPU.ActiveCfg = Debug|Any CPU
		{4881D6BA-AF0E-4742-90BB-B43A132AA456}.Debug|Any CPU.Build.0 = Debug|Any CPU
		{4881D6BA-AF0E-4742-90BB-B43A132AA456}.Release|Any CPU.ActiveCfg = Release|Any CPU
		{4881D6BA-AF0E-4742-90BB-B43A132AA456}.Release|Any CPU.Build.0 = Release|Any CPU
		{696B1E12-F51A-4938-A808-B5ACD76C5E95}.Debug|Any CPU.ActiveCfg = Debug|Any CPU
		{696B1E12-F51A-4938-A808-B5ACD76C5E95}.Debug|Any CPU.Build.0 = Debug|Any CPU
		{696B1E12-F51A-4938-A808-B5ACD76C5E95}.Release|Any CPU.ActiveCfg = Release|Any CPU
		{696B1E12-F51A-4938-A808-B5ACD76C5E95}.Release|Any CPU.Build.0 = Release|Any CPU
		{3B1FB2B6-0C0D-4E6E-8A11-5CDFBC3075A3}.Debug|Any CPU.ActiveCfg = Debug|Any CPU
		{3B1FB2B6-0C0D-4E6E-8A11-5CDFBC3075A3}.Debug|Any CPU.Build.0 = Debug|Any CPU
		{3B1FB2B6-0C0D-4E6E-8A11-5CDFBC3075A3}.Release|Any CPU.ActiveCfg = Release|Any CPU
		{3B1FB2B6-0C0D-4E6E-8A11-5CDFBC3075A3}.Release|Any CPU.Build.0 = Release|Any CPU
		{37959259-54A5-4A20-B274-1D343B69D7F8}.Debug|Any CPU.ActiveCfg = Debug|Any CPU
		{37959259-54A5-4A20-B274-1D343B69D7F8}.Debug|Any CPU.Build.0 = Debug|Any CPU
		{37959259-54A5-4A20-B274-1D343B69D7F8}.Release|Any CPU.ActiveCfg = Release|Any CPU
		{37959259-54A5-4A20-B274-1D343B69D7F8}.Release|Any CPU.Build.0 = Release|Any CPU
		{A99BB2A7-0F72-4CAC-8491-2F321BCF7222}.Debug|Any CPU.ActiveCfg = Debug|Any CPU
		{A99BB2A7-0F72-4CAC-8491-2F321BCF7222}.Debug|Any CPU.Build.0 = Debug|Any CPU
		{A99BB2A7-0F72-4CAC-8491-2F321BCF7222}.Release|Any CPU.ActiveCfg = Release|Any CPU
		{A99BB2A7-0F72-4CAC-8491-2F321BCF7222}.Release|Any CPU.Build.0 = Release|Any CPU
	EndGlobalSection
	GlobalSection(SolutionProperties) = preSolution
		HideSolutionNode = FALSE
	EndGlobalSection
	GlobalSection(NestedProjects) = preSolution
		{8975745E-309B-47CB-AC81-E40E1E39A103} = {FF5AA251-4BA6-4F7A-92A5-AED031EC16F7}
		{E7E01910-CD5A-472A-B7AC-19B002D9CBAE} = {FF5AA251-4BA6-4F7A-92A5-AED031EC16F7}
		{39D92DE2-2396-4191-8946-0275E6133B1F} = {FF5AA251-4BA6-4F7A-92A5-AED031EC16F7}
		{F3401ABE-0F2E-4FDE-B0D0-98DA990364A0} = {789BF852-2F4C-4EF7-AFC7-D190A58EBF8C}
		{53F4ABBA-D8A8-4537-9D87-C8F6940D4C7C} = {14DE5B63-8CC3-499C-A34A-AF963DD6E4AA}
		{182784AA-31E2-4A27-B180-80F830A72C77} = {19319F7B-BD37-47EE-B364-D05E825CD4FC}
		{66D326C3-223B-4E10-8564-CA5D510880D8} = {1A404BA0-4C51-4AB6-92BC-DF8C30263D91}
		{204D36F0-C223-4ABE-ABCC-AD4F2D32107F} = {1A404BA0-4C51-4AB6-92BC-DF8C30263D91}
		{1B48D070-70B0-4ADD-B778-C70A2DEC50BF} = {1A404BA0-4C51-4AB6-92BC-DF8C30263D91}
		{4881D6BA-AF0E-4742-90BB-B43A132AA456} = {1A404BA0-4C51-4AB6-92BC-DF8C30263D91}
		{696B1E12-F51A-4938-A808-B5ACD76C5E95} = {1E6C5B48-445B-4DB9-B8C9-EB0C97D07D45}
		{3B1FB2B6-0C0D-4E6E-8A11-5CDFBC3075A3} = {1E6C5B48-445B-4DB9-B8C9-EB0C97D07D45}
		{37959259-54A5-4A20-B274-1D343B69D7F8} = {1E6C5B48-445B-4DB9-B8C9-EB0C97D07D45}
		{A99BB2A7-0F72-4CAC-8491-2F321BCF7222} = {F8051B66-D0F1-4179-A0CC-C1749059778A}
	EndGlobalSection
	GlobalSection(ExtensibilityGlobals) = postSolution
		SolutionGuid = {2AD6248F-A51A-4D4F-BF51-7EE3F76E5FFA}
	EndGlobalSection
EndGlobal
